
Microsoft Visual Studio Solution File, Format Version 12.00
# Visual Studio Version 16
VisualStudioVersion = 16.0.31410.357
MinimumVisualStudioVersion = 10.0.40219.1
Project("{FAE04EC0-301F-11D3-BF4B-00C04F79EFBC}") = "Turbo.az", "Turbo.az\Turbo.az.csproj", "{2D378901-7693-40E3-9595-AD7FB3F5DBA0}"
EndProject
Global
	GlobalSection(SolutionConfigurationPlatforms) = preSolution
		Debug|Any CPU = Debug|Any CPU
		Release|Any CPU = Release|Any CPU
	EndGlobalSection
	GlobalSection(ProjectConfigurationPlatforms) = postSolution
		{2D378901-7693-40E3-9595-AD7FB3F5DBA0}.Debug|Any CPU.ActiveCfg = Debug|Any CPU
		{2D378901-7693-40E3-9595-AD7FB3F5DBA0}.Debug|Any CPU.Build.0 = Debug|Any CPU
		{2D378901-7693-40E3-9595-AD7FB3F5DBA0}.Release|Any CPU.ActiveCfg = Release|Any CPU
		{2D378901-7693-40E3-9595-AD7FB3F5DBA0}.Release|Any CPU.Build.0 = Release|Any CPU
	EndGlobalSection
	GlobalSection(SolutionProperties) = preSolution
		HideSolutionNode = FALSE
	EndGlobalSection
	GlobalSection(ExtensibilityGlobals) = postSolution
		SolutionGuid = {B2B6D081-84A0-4825-94D1-CE03837C442A}
	EndGlobalSection
EndGlobal
